
Microsoft Visual Studio Solution File, Format Version 12.00
# Visual Studio Version 17
VisualStudioVersion = 17.13.35931.197 d17.13
MinimumVisualStudioVersion = 10.0.40219.1
Project("{FAE04EC0-301F-11D3-BF4B-00C04F79EFBC}") = "NvkLesson05", "NvkLesson05\NvkLesson05.csproj", "{2E9B7236-F005-437B-BCCC-64A2DE9D0B7F}"
EndProject
Global
	GlobalSection(SolutionConfigurationPlatforms) = preSolution
		Debug|Any CPU = Debug|Any CPU
		Release|Any CPU = Release|Any CPU
	EndGlobalSection
	GlobalSection(ProjectConfigurationPlatforms) = postSolution
		{2E9B7236-F005-437B-BCCC-64A2DE9D0B7F}.Debug|Any CPU.ActiveCfg = Debug|Any CPU
		{2E9B7236-F005-437B-BCCC-64A2DE9D0B7F}.Debug|Any CPU.Build.0 = Debug|Any CPU
		{2E9B7236-F005-437B-BCCC-64A2DE9D0B7F}.Release|Any CPU.ActiveCfg = Release|Any CPU
		{2E9B7236-F005-437B-BCCC-64A2DE9D0B7F}.Release|Any CPU.Build.0 = Release|Any CPU
	EndGlobalSection
	GlobalSection(SolutionProperties) = preSolution
		HideSolutionNode = FALSE
	EndGlobalSection
	GlobalSection(ExtensibilityGlobals) = postSolution
		SolutionGuid = {34894813-9FA1-43F1-90A6-BBD65D148818}
	EndGlobalSection
EndGlobal
